github.com/CARVIN94/go-reply v0.0.0-20190117083636-43f784caa50e h1:CnWEEyhShc1VtR7KqzaC7Q+EfhcfCTOu3y0C2avy6P0=
github.com/CARVIN94/go-reply v0.0.0-20190117083636-43f784caa50e/go.mod h1:Lqgitg0VIXsLaI/a9VbWIUAmYwlwNsFvFe8ozKSnmdQ=
github.com/CARVIN94/go-util v0.0.0-20181218063245-3ff4a928c92c h1:VfpSEyNhEaWnJ9+sh+7BW+H1ru1txMMTP03IeO2pBYQ=
github.com/CARVIN94/go-util v0.0.0-20181218063245-3ff4a928c92c/go.mod h1:CHizCncAhfIfGVDy+q2c7jnefI6ctBhkeDCWsKsP7QU=
