github.com/CARVIN94/go-reply v0.0.0-20191112104709-34b216e69bad h1:eRQMrjN8uxZOpPIM8mTRdpMZ0HPMQbJcdS7KiG76v0o=
github.com/CARVIN94/go-reply v0.0.0-20191112104709-34b216e69bad/go.mod h1:Lqgitg0VIXsLaI/a9VbWIUAmYwlwNsFvFe8ozKSnmdQ=
github.com/CARVIN94/go-util v0.0.0-20181218063245-3ff4a928c92c h1:VfpSEyNhEaWnJ9+sh+7BW+H1ru1txMMTP03IeO2pBYQ=
github.com/CARVIN94/go-util v0.0.0-20181218063245-3ff4a928c92c/go.mod h1:CHizCncAhfIfGVDy+q2c7jnefI6ctBhkeDCWsKsP7QU=
